
Microsoft Visual Studio Solution File, Format Version 12.00
# Visual Studio 15
VisualStudioVersion = 15.0.27130.2027
MinimumVisualStudioVersion = 10.0.40219.1
Project("{FAE04EC0-301F-11D3-BF4B-00C04F79EFBC}") = "GitDocumentos", "GitDocumentos\GitDocumentos.csproj", "{C95C858C-B031-4465-8AB4-86AE40EE933A}"
EndProject
Global
	GlobalSection(SolutionConfigurationPlatforms) = preSolution
		Debug|Any CPU = Debug|Any CPU
		Release|Any CPU = Release|Any CPU
	EndGlobalSection
	GlobalSection(ProjectConfigurationPlatforms) = postSolution
		{C95C858C-B031-4465-8AB4-86AE40EE933A}.Debug|Any CPU.ActiveCfg = Debug|Any CPU
		{C95C858C-B031-4465-8AB4-86AE40EE933A}.Debug|Any CPU.Build.0 = Debug|Any CPU
		{C95C858C-B031-4465-8AB4-86AE40EE933A}.Release|Any CPU.ActiveCfg = Release|Any CPU
		{C95C858C-B031-4465-8AB4-86AE40EE933A}.Release|Any CPU.Build.0 = Release|Any CPU
	EndGlobalSection
	GlobalSection(SolutionProperties) = preSolution
		HideSolutionNode = FALSE
	EndGlobalSection
	GlobalSection(ExtensibilityGlobals) = postSolution
		SolutionGuid = {DF007C94-A8E6-470E-94CF-4A3FBF97AF58}
	EndGlobalSection
EndGlobal
